# @generated - this file is auto-generated by `mise lock` https://mise.en.dev/dev-tools/mise-lock.html

[[tools."github:pgenie-io/pgenie"]]
version = "0.12.0"
backend = "github:pgenie-io/pgenie"

[tools."github:pgenie-io/pgenie"."platforms.linux-x64"]
checksum = "sha256:27aab711ba18b76ce3daeb3e1f204ce404d0ad97c7952ad08b8f1c13c41703e3"
url = "https://github.com/pgenie-io/pgenie/releases/download/v0.12.0/pgn-linux-x64.tar.gz"
url_api = "https://api.github.com/repos/pgenie-io/pgenie/releases/assets/476896947"

[tools."github:pgenie-io/pgenie"."platforms.macos-arm64"]
checksum = "sha256:9f95485d1607e3c1c3eebec9b4cde99163981c517d31b836b456228af0164206"
url = "https://github.com/pgenie-io/pgenie/releases/download/v0.12.0/pgn-macos-arm64.tar.gz"
url_api = "https://api.github.com/repos/pgenie-io/pgenie/releases/assets/476896949"

[[tools.python]]
version = "3.12.12"
backend = "core:python"

[tools.python."platforms.linux-x64"]
checksum = "sha256:1dbaa624a09e15afe7efbdac08d42993135a68db8d34f986ef6977a6d77bdc3c"
url = "https://github.com/astral-sh/python-build-standalone/releases/download/20260211/cpython-3.12.12+20260211-x86_64-unknown-linux-gnu-install_only_stripped.tar.gz"
provenance = "github-attestations"

[tools.python."platforms.macos-arm64"]
checksum = "sha256:22625deaf5757e7c266cf1a096c9151a06b598b1e14632a2ec9993d58ec5fe84"
url = "https://github.com/astral-sh/python-build-standalone/releases/download/20260211/cpython-3.12.12+20260211-aarch64-apple-darwin-install_only_stripped.tar.gz"
provenance = "github-attestations"

[[tools.uv]]
version = "0.11.15"
backend = "aqua:astral-sh/uv"

[tools.uv."platforms.linux-x64"]
checksum = "sha256:200ccf2f351849c5d6698714e7e7eb9ead1e8c097dbdbb43730e1a4e059ceb87"
url = "https://github.com/astral-sh/uv/releases/download/0.11.15/uv-x86_64-unknown-linux-musl.tar.gz"
provenance = "github-attestations"

[tools.uv."platforms.macos-arm64"]
checksum = "sha256:7e5b336108f8576eda1939920ca0a805b4a9a3c3d3eb2f6140e38b7092fbe4f3"
url = "https://github.com/astral-sh/uv/releases/download/0.11.15/uv-aarch64-apple-darwin.tar.gz"
provenance = "github-attestations"
